{
  "name": "wink",
  "lockfileVersion": 2,
  "requires": true,
  "packages": {
    "": {
      "dependencies": {
        "chrono-node": "^2.5.0",
        "sugar": "^2.0.6",
        "wink-eng-lite-web-model": "^1.4.3",
        "wink-nlp": "^1.13.0"
      }
    },
    "node_modules/chrono-node": {
      "version": "2.5.0",
      "resolved": "https://registry.npmjs.org/chrono-node/-/chrono-node-2.5.0.tgz",
      "integrity": "sha512-GasdFCw4tsb8UKlwyJW1S+3bdN06vsyGR2cEDMlhEGI7ic4SQRnLyl/hbItwSum6pPkkUTrzFcaR3C2tZnnO5Q==",
      "dependencies": {
        "dayjs": "^1.10.0"
      }
    },
    "node_modules/dayjs": {
      "version": "1.11.7",
      "resolved": "https://registry.npmjs.org/dayjs/-/dayjs-1.11.7.tgz",
      "integrity": "sha512-+Yw9U6YO5TQohxLcIkrXBeY73WP3ejHWVvx8XCk3gxvQDCTEmS48ZrSZCKciI7Bhl/uCMyxYtE9UqRILmFphkQ=="
    },
    "node_modules/sugar": {
      "version": "2.0.6",
      "resolved": "https://registry.npmjs.org/sugar/-/sugar-2.0.6.tgz",
      "integrity": "sha512-s0P2/pjJtAD9VA44+2Gqm3NdC4v+08melA6YubOxzshu628krTbn95/M2GWMrI9rYspZMpYBIrChR46fjQ7xsQ==",
      "dependencies": {
        "sugar-core": "^2.0.0"
      },
      "engines": {
        "node": ">= 0.8.23"
      }
    },
    "node_modules/sugar-core": {
      "version": "2.0.6",
      "resolved": "https://registry.npmjs.org/sugar-core/-/sugar-core-2.0.6.tgz",
      "integrity": "sha512-YmLFysR3Si6RImqL1+aB6JH81EXxvXn5iXhPf2PsjfoUYEwCxFDYCQY+zC3WqviuGWzxFaSkkJvkUE05Y03L5Q==",
      "engines": {
        "node": ">= 0.8.23"
      }
    },
    "node_modules/wink-eng-lite-web-model": {
      "version": "1.4.3",
      "resolved": "https://registry.npmjs.org/wink-eng-lite-web-model/-/wink-eng-lite-web-model-1.4.3.tgz",
      "integrity": "sha512-HAx6nmDdoCucs4RnPhlxpTqiw0/MYiiGtSyfykYM03KTxvCVjX6HNtdfBhmdUeGLzGh0M/D4WJANU42qH6/1nA==",
      "engines": {
        "node": ">=16.0.0"
      },
      "peerDependencies": {
        "wink-nlp": ">1.8.1"
      }
    },
    "node_modules/wink-nlp": {
      "version": "1.13.0",
      "resolved": "https://registry.npmjs.org/wink-nlp/-/wink-nlp-1.13.0.tgz",
      "integrity": "sha512-aK+KAOwIkeCzCX1E9SNJ3VT5F98Fln4AYRk7XsACcHjgQzJV6Fw6dQoB4UHRybLJt65YGLiQRAXlALd8aFJBcw=="
    }
  },
  "dependencies": {
    "chrono-node": {
      "version": "2.5.0",
      "resolved": "https://registry.npmjs.org/chrono-node/-/chrono-node-2.5.0.tgz",
      "integrity": "sha512-GasdFCw4tsb8UKlwyJW1S+3bdN06vsyGR2cEDMlhEGI7ic4SQRnLyl/hbItwSum6pPkkUTrzFcaR3C2tZnnO5Q==",
      "requires": {
        "dayjs": "^1.10.0"
      }
    },
    "dayjs": {
      "version": "1.11.7",
      "resolved": "https://registry.npmjs.org/dayjs/-/dayjs-1.11.7.tgz",
      "integrity": "sha512-+Yw9U6YO5TQohxLcIkrXBeY73WP3ejHWVvx8XCk3gxvQDCTEmS48ZrSZCKciI7Bhl/uCMyxYtE9UqRILmFphkQ=="
    },
    "sugar": {
      "version": "2.0.6",
      "resolved": "https://registry.npmjs.org/sugar/-/sugar-2.0.6.tgz",
      "integrity": "sha512-s0P2/pjJtAD9VA44+2Gqm3NdC4v+08melA6YubOxzshu628krTbn95/M2GWMrI9rYspZMpYBIrChR46fjQ7xsQ==",
      "requires": {
        "sugar-core": "^2.0.0"
      }
    },
    "sugar-core": {
      "version": "2.0.6",
      "resolved": "https://registry.npmjs.org/sugar-core/-/sugar-core-2.0.6.tgz",
      "integrity": "sha512-YmLFysR3Si6RImqL1+aB6JH81EXxvXn5iXhPf2PsjfoUYEwCxFDYCQY+zC3WqviuGWzxFaSkkJvkUE05Y03L5Q=="
    },
    "wink-eng-lite-web-model": {
      "version": "1.4.3",
      "resolved": "https://registry.npmjs.org/wink-eng-lite-web-model/-/wink-eng-lite-web-model-1.4.3.tgz",
      "integrity": "sha512-HAx6nmDdoCucs4RnPhlxpTqiw0/MYiiGtSyfykYM03KTxvCVjX6HNtdfBhmdUeGLzGh0M/D4WJANU42qH6/1nA==",
      "requires": {}
    },
    "wink-nlp": {
      "version": "1.13.0",
      "resolved": "https://registry.npmjs.org/wink-nlp/-/wink-nlp-1.13.0.tgz",
      "integrity": "sha512-aK+KAOwIkeCzCX1E9SNJ3VT5F98Fln4AYRk7XsACcHjgQzJV6Fw6dQoB4UHRybLJt65YGLiQRAXlALd8aFJBcw=="
    }
  }
}
